
Microsoft Visual Studio Solution File, Format Version 12.00
# Visual Studio Version 17
VisualStudioVersion = 17.4.33205.214
MinimumVisualStudioVersion = 10.0.40219.1
Project("{8BC9CEB8-8B4A-11D0-8D11-00A0C91BC942}") = "Bai1", "Bai1\Bai1.vcxproj", "{53834EBE-E5A1-401E-BE3A-55C7508105B0}"
EndProject
Project("{8BC9CEB8-8B4A-11D0-8D11-00A0C91BC942}") = "Bai2", "Bai2\Bai2.vcxproj", "{4399882B-544C-4CBB-8BE3-827A728208D7}"
EndProject
Project("{8BC9CEB8-8B4A-11D0-8D11-00A0C91BC942}") = "Bai3", "Bai3\Bai3.vcxproj", "{E76CF21E-23C6-45AA-8A0C-566CC709BE12}"
EndProject
Project("{8BC9CEB8-8B4A-11D0-8D11-00A0C91BC942}") = "Bai4", "Bai4\Bai4.vcxproj", "{76C869E3-85B5-4B73-8ACC-898D775D7589}"
EndProject
Project("{8BC9CEB8-8B4A-11D0-8D11-00A0C91BC942}") = "Bai5", "Bai5\Bai5.vcxproj", "{FE32CDFB-997B-49D0-A3F1-2C8B2415F712}"
EndProject
Project("{8BC9CEB8-8B4A-11D0-8D11-00A0C91BC942}") = "Bai6", "Bai6\Bai6.vcxproj", "{C8C9E9FA-1D37-462F-8FE1-78F897D0CAD6}"
EndProject
Project("{8BC9CEB8-8B4A-11D0-8D11-00A0C91BC942}") = "Bai7", "Bai7\Bai7.vcxproj", "{86951554-6FA4-41E9-B58D-341B2E3AC71D}"
EndProject
Project("{8BC9CEB8-8B4A-11D0-8D11-00A0C91BC942}") = "Bai8", "Bai8\Bai8.vcxproj", "{8BC49B26-BF73-48D2-ACB2-B00A9534EBD5}"
EndProject
Project("{8BC9CEB8-8B4A-11D0-8D11-00A0C91BC942}") = "Bai9", "Bai9\Bai9.vcxproj", "{C10B8FE1-3C3C-467F-B47C-A3B20FDC8E52}"
EndProject
Project("{8BC9CEB8-8B4A-11D0-8D11-00A0C91BC942}") = "Bai10", "Bai10\Bai10.vcxproj", "{61F417AE-BA63-449A-972F-3B0F1A69B22B}"
EndProject
Global
	GlobalSection(SolutionConfigurationPlatforms) = preSolution
		Debug|x64 = Debug|x64
		Debug|x86 = Debug|x86
		Release|x64 = Release|x64
		Release|x86 = Release|x86
	EndGlobalSection
	GlobalSection(ProjectConfigurationPlatforms) = postSolution
		{53834EBE-E5A1-401E-BE3A-55C7508105B0}.Debug|x64.ActiveCfg = Debug|x64
		{53834EBE-E5A1-401E-BE3A-55C7508105B0}.Debug|x64.Build.0 = Debug|x64
		{53834EBE-E5A1-401E-BE3A-55C7508105B0}.Debug|x86.ActiveCfg = Debug|Win32
		{53834EBE-E5A1-401E-BE3A-55C7508105B0}.Debug|x86.Build.0 = Debug|Win32
		{53834EBE-E5A1-401E-BE3A-55C7508105B0}.Release|x64.ActiveCfg = Release|x64
		{53834EBE-E5A1-401E-BE3A-55C7508105B0}.Release|x64.Build.0 = Release|x64
		{53834EBE-E5A1-401E-BE3A-55C7508105B0}.Release|x86.ActiveCfg = Release|Win32
		{53834EBE-E5A1-401E-BE3A-55C7508105B0}.Release|x86.Build.0 = Release|Win32
		{4399882B-544C-4CBB-8BE3-827A728208D7}.Debug|x64.ActiveCfg = Debug|x64
		{4399882B-544C-4CBB-8BE3-827A728208D7}.Debug|x64.Build.0 = Debug|x64
		{4399882B-544C-4CBB-8BE3-827A728208D7}.Debug|x86.ActiveCfg = Debug|Win32
		{4399882B-544C-4CBB-8BE3-827A728208D7}.Debug|x86.Build.0 = Debug|Win32
		{4399882B-544C-4CBB-8BE3-827A728208D7}.Release|x64.ActiveCfg = Release|x64
		{4399882B-544C-4CBB-8BE3-827A728208D7}.Release|x64.Build.0 = Release|x64
		{4399882B-544C-4CBB-8BE3-827A728208D7}.Release|x86.ActiveCfg = Release|Win32
		{4399882B-544C-4CBB-8BE3-827A728208D7}.Release|x86.Build.0 = Release|Win32
		{E76CF21E-23C6-45AA-8A0C-566CC709BE12}.Debug|x64.ActiveCfg = Debug|x64
		{E76CF21E-23C6-45AA-8A0C-566CC709BE12}.Debug|x64.Build.0 = Debug|x64
		{E76CF21E-23C6-45AA-8A0C-566CC709BE12}.Debug|x86.ActiveCfg = Debug|Win32
		{E76CF21E-23C6-45AA-8A0C-566CC709BE12}.Debug|x86.Build.0 = Debug|Win32
		{E76CF21E-23C6-45AA-8A0C-566CC709BE12}.Release|x64.ActiveCfg = Release|x64
		{E76CF21E-23C6-45AA-8A0C-566CC709BE12}.Release|x64.Build.0 = Release|x64
		{E76CF21E-23C6-45AA-8A0C-566CC709BE12}.Release|x86.ActiveCfg = Release|Win32
		{E76CF21E-23C6-45AA-8A0C-566CC709BE12}.Release|x86.Build.0 = Release|Win32
		{76C869E3-85B5-4B73-8ACC-898D775D7589}.Debug|x64.ActiveCfg = Debug|x64
		{76C869E3-85B5-4B73-8ACC-898D775D7589}.Debug|x64.Build.0 = Debug|x64
		{76C869E3-85B5-4B73-8ACC-898D775D7589}.Debug|x86.ActiveCfg = Debug|Win32
		{76C869E3-85B5-4B73-8ACC-898D775D7589}.Debug|x86.Build.0 = Debug|Win32
		{76C869E3-85B5-4B73-8ACC-898D775D7589}.Release|x64.ActiveCfg = Release|x64
		{76C869E3-85B5-4B73-8ACC-898D775D7589}.Release|x64.Build.0 = Release|x64
		{76C869E3-85B5-4B73-8ACC-898D775D7589}.Release|x86.ActiveCfg = Release|Win32
		{76C869E3-85B5-4B73-8ACC-898D775D7589}.Release|x86.Build.0 = Release|Win32
		{FE32CDFB-997B-49D0-A3F1-2C8B2415F712}.Debug|x64.ActiveCfg = Debug|x64
		{FE32CDFB-997B-49D0-A3F1-2C8B2415F712}.Debug|x64.Build.0 = Debug|x64
		{FE32CDFB-997B-49D0-A3F1-2C8B2415F712}.Debug|x86.ActiveCfg = Debug|Win32
		{FE32CDFB-997B-49D0-A3F1-2C8B2415F712}.Debug|x86.Build.0 = Debug|Win32
		{FE32CDFB-997B-49D0-A3F1-2C8B2415F712}.Release|x64.ActiveCfg = Release|x64
		{FE32CDFB-997B-49D0-A3F1-2C8B2415F712}.Release|x64.Build.0 = Release|x64
		{FE32CDFB-997B-49D0-A3F1-2C8B2415F712}.Release|x86.ActiveCfg = Release|Win32
		{FE32CDFB-997B-49D0-A3F1-2C8B2415F712}.Release|x86.Build.0 = Release|Win32
		{C8C9E9FA-1D37-462F-8FE1-78F897D0CAD6}.Debug|x64.ActiveCfg = Debug|x64
		{C8C9E9FA-1D37-462F-8FE1-78F897D0CAD6}.Debug|x64.Build.0 = Debug|x64
		{C8C9E9FA-1D37-462F-8FE1-78F897D0CAD6}.Debug|x86.ActiveCfg = Debug|Win32
		{C8C9E9FA-1D37-462F-8FE1-78F897D0CAD6}.Debug|x86.Build.0 = Debug|Win32
		{C8C9E9FA-1D37-462F-8FE1-78F897D0CAD6}.Release|x64.ActiveCfg = Release|x64
		{C8C9E9FA-1D37-462F-8FE1-78F897D0CAD6}.Release|x64.Build.0 = Release|x64
		{C8C9E9FA-1D37-462F-8FE1-78F897D0CAD6}.Release|x86.ActiveCfg = Release|Win32
		{C8C9E9FA-1D37-462F-8FE1-78F897D0CAD6}.Release|x86.Build.0 = Release|Win32
		{86951554-6FA4-41E9-B58D-341B2E3AC71D}.Debug|x64.ActiveCfg = Debug|x64
		{86951554-6FA4-41E9-B58D-341B2E3AC71D}.Debug|x64.Build.0 = Debug|x64
		{86951554-6FA4-41E9-B58D-341B2E3AC71D}.Debug|x86.ActiveCfg = Debug|Win32
		{86951554-6FA4-41E9-B58D-341B2E3AC71D}.Debug|x86.Build.0 = Debug|Win32
		{86951554-6FA4-41E9-B58D-341B2E3AC71D}.Release|x64.ActiveCfg = Release|x64
		{86951554-6FA4-41E9-B58D-341B2E3AC71D}.Release|x64.Build.0 = Release|x64
		{86951554-6FA4-41E9-B58D-341B2E3AC71D}.Release|x86.ActiveCfg = Release|Win32
		{86951554-6FA4-41E9-B58D-341B2E3AC71D}.Release|x86.Build.0 = Release|Win32
		{8BC49B26-BF73-48D2-ACB2-B00A9534EBD5}.Debug|x64.ActiveCfg = Debug|x64
		{8BC49B26-BF73-48D2-ACB2-B00A9534EBD5}.Debug|x64.Build.0 = Debug|x64
		{8BC49B26-BF73-48D2-ACB2-B00A9534EBD5}.Debug|x86.ActiveCfg = Debug|Win32
		{8BC49B26-BF73-48D2-ACB2-B00A9534EBD5}.Debug|x86.Build.0 = Debug|Win32
		{8BC49B26-BF73-48D2-ACB2-B00A9534EBD5}.Release|x64.ActiveCfg = Release|x64
		{8BC49B26-BF73-48D2-ACB2-B00A9534EBD5}.Release|x64.Build.0 = Release|x64
		{8BC49B26-BF73-48D2-ACB2-B00A9534EBD5}.Release|x86.ActiveCfg = Release|Win32
		{8BC49B26-BF73-48D2-ACB2-B00A9534EBD5}.Release|x86.Build.0 = Release|Win32
		{C10B8FE1-3C3C-467F-B47C-A3B20FDC8E52}.Debug|x64.ActiveCfg = Debug|x64
		{C10B8FE1-3C3C-467F-B47C-A3B20FDC8E52}.Debug|x64.Build.0 = Debug|x64
		{C10B8FE1-3C3C-467F-B47C-A3B20FDC8E52}.Debug|x86.ActiveCfg = Debug|Win32
		{C10B8FE1-3C3C-467F-B47C-A3B20FDC8E52}.Debug|x86.Build.0 = Debug|Win32
		{C10B8FE1-3C3C-467F-B47C-A3B20FDC8E52}.Release|x64.ActiveCfg = Release|x64
		{C10B8FE1-3C3C-467F-B47C-A3B20FDC8E52}.Release|x64.Build.0 = Release|x64
		{C10B8FE1-3C3C-467F-B47C-A3B20FDC8E52}.Release|x86.ActiveCfg = Release|Win32
		{C10B8FE1-3C3C-467F-B47C-A3B20FDC8E52}.Release|x86.Build.0 = Release|Win32
		{61F417AE-BA63-449A-972F-3B0F1A69B22B}.Debug|x64.ActiveCfg = Debug|x64
		{61F417AE-BA63-449A-972F-3B0F1A69B22B}.Debug|x64.Build.0 = Debug|x64
		{61F417AE-BA63-449A-972F-3B0F1A69B22B}.Debug|x86.ActiveCfg = Debug|Win32
		{61F417AE-BA63-449A-972F-3B0F1A69B22B}.Debug|x86.Build.0 = Debug|Win32
		{61F417AE-BA63-449A-972F-3B0F1A69B22B}.Release|x64.ActiveCfg = Release|x64
		{61F417AE-BA63-449A-972F-3B0F1A69B22B}.Release|x64.Build.0 = Release|x64
		{61F417AE-BA63-449A-972F-3B0F1A69B22B}.Release|x86.ActiveCfg = Release|Win32
		{61F417AE-BA63-449A-972F-3B0F1A69B22B}.Release|x86.Build.0 = Release|Win32
	EndGlobalSection
	GlobalSection(SolutionProperties) = preSolution
		HideSolutionNode = FALSE
	EndGlobalSection
	GlobalSection(ExtensibilityGlobals) = postSolution
		SolutionGuid = {9D95F7FB-1CDC-4505-82E6-9BFE8654846D}
	EndGlobalSection
EndGlobal
