
Microsoft Visual Studio Solution File, Format Version 12.00
# Visual Studio Version 17
VisualStudioVersion = 17.5.33414.496
MinimumVisualStudioVersion = 10.0.40219.1
Project("{8BC9CEB8-8B4A-11D0-8D11-00A0C91BC942}") = "Bai01-Pointer-Dynamic", "Bai01-Pointer-Dynamic\Bai01-Pointer-Dynamic.vcxproj", "{5B43A20D-12BA-4D64-8687-656C29D9967C}"
EndProject
Project("{8BC9CEB8-8B4A-11D0-8D11-00A0C91BC942}") = "Bai02-Linked-List", "Bai02-Linked-List\Bai02-Linked-List.vcxproj", "{1A966C4E-6722-4512-9104-C483AAE7263A}"
EndProject
Project("{8BC9CEB8-8B4A-11D0-8D11-00A0C91BC942}") = "Bai03-Ma-Tran-Xoan-Oc-Nguoc", "Bai03-Ma-Tran-Xoan-Oc-Nguoc\Bai03-Ma-Tran-Xoan-Oc-Nguoc.vcxproj", "{0959F08B-32BD-44FE-846C-F8A7B0EFF88A}"
EndProject
Project("{8BC9CEB8-8B4A-11D0-8D11-00A0C91BC942}") = "Bai04-Code-Website", "Bai04-Code-Website\Bai04-Code-Website.vcxproj", "{DCB2550B-0131-4C77-B1CB-A484CBD733E4}"
EndProject
Project("{8BC9CEB8-8B4A-11D0-8D11-00A0C91BC942}") = "Bai05-Prioty-(Noi Day)", "Bai05-Prioty-(Noi Day)\Bai05-Prioty-(Noi Day).vcxproj", "{1612C548-71EA-4187-A3AB-69BBFB91C048}"
EndProject
Project("{8BC9CEB8-8B4A-11D0-8D11-00A0C91BC942}") = "Bai06-Stack-Queue-(Sap Xep Doan Tau)", "Bai06-Stack-Queue-(Sap Xep Doan Tau)\Bai06-Stack-Queue-(Sap Xep Doan Tau).vcxproj", "{4BB94AE0-2056-46D7-954B-BB1590435746}"
EndProject
Project("{8BC9CEB8-8B4A-11D0-8D11-00A0C91BC942}") = "Bai07-Luong-Giao-Vien", "Bai07-Luong-Giao-Vien\Bai07-Luong-Giao-Vien.vcxproj", "{97721673-C250-44FC-8017-358B300731D3}"
EndProject
Project("{8BC9CEB8-8B4A-11D0-8D11-00A0C91BC942}") = "Bai08-Doan-Con-Thach-Do", "Bai08-Doan-Con-Thach-Do\Bai08-Doan-Con-Thach-Do.vcxproj", "{565CF1EC-3B05-4B35-8857-0FF13910A43C}"
EndProject
Project("{8BC9CEB8-8B4A-11D0-8D11-00A0C91BC942}") = "Bai09-Luu-Dan", "Bai09-Luu-Dan\Bai09-Luu-Dan.vcxproj", "{D6F5D65D-5D6F-4C4F-B780-871CD85145E3}"
EndProject
Project("{8BC9CEB8-8B4A-11D0-8D11-00A0C91BC942}") = "Bai10-File-Binary", "Bai10-File-Binary\Bai10-File-Binary.vcxproj", "{B4896C10-14A2-42DC-9D14-CFB56A84E9E9}"
EndProject
Project("{8BC9CEB8-8B4A-11D0-8D11-00A0C91BC942}") = "Bai11_Chia_File_Binary", "Bai11_Chia_File_Binary\Bai11_Chia_File_Binary.vcxproj", "{647215E7-DA18-455B-A00A-669279EC0AD5}"
EndProject
Project("{8BC9CEB8-8B4A-11D0-8D11-00A0C91BC942}") = "Bai12-Quan-Ly-Sinh-Vien", "Bai12-Quan-Ly-Sinh-Vien\Bai12-Quan-Ly-Sinh-Vien.vcxproj", "{678A0750-3E9C-4849-85AB-D84D9569D6B0}"
EndProject
Project("{8BC9CEB8-8B4A-11D0-8D11-00A0C91BC942}") = "Bai13-De-Quy", "Bai13-De-Quy\Bai13-De-Quy.vcxproj", "{A0034402-6F10-4760-B044-BEA6A93575E3}"
EndProject
Project("{8BC9CEB8-8B4A-11D0-8D11-00A0C91BC942}") = "Bai14", "Bai14\Bai14.vcxproj", "{93BECF48-2ABB-4995-B38F-93F917AA5C09}"
EndProject
Project("{8BC9CEB8-8B4A-11D0-8D11-00A0C91BC942}") = "Bai15", "Bai15\Bai15.vcxproj", "{FA646AEA-A46F-454F-8B46-3C607114E03F}"
EndProject
Project("{8BC9CEB8-8B4A-11D0-8D11-00A0C91BC942}") = "Bai16-De-Quy", "Bai16-De-Quy\Bai16-De-Quy.vcxproj", "{20E249E7-9A2F-4D61-B33B-19FF0C4F02AF}"
EndProject
Project("{8BC9CEB8-8B4A-11D0-8D11-00A0C91BC942}") = "Bai17", "Bai17\Bai17.vcxproj", "{7124A999-A9BE-492E-9444-B77703DDE8B2}"
EndProject
Project("{8BC9CEB8-8B4A-11D0-8D11-00A0C91BC942}") = "Bai18-Phan-Tu-Khac-Nhau", "Bai18-Phan-Tu-Khac-Nhau\Bai18-Phan-Tu-Khac-Nhau.vcxproj", "{C04794A2-92FD-402A-8691-CCDFB2C01151}"
EndProject
Global
	GlobalSection(SolutionConfigurationPlatforms) = preSolution
		Debug|x64 = Debug|x64
		Debug|x86 = Debug|x86
		Release|x64 = Release|x64
		Release|x86 = Release|x86
	EndGlobalSection
	GlobalSection(ProjectConfigurationPlatforms) = postSolution
		{5B43A20D-12BA-4D64-8687-656C29D9967C}.Debug|x64.ActiveCfg = Debug|x64
		{5B43A20D-12BA-4D64-8687-656C29D9967C}.Debug|x64.Build.0 = Debug|x64
		{5B43A20D-12BA-4D64-8687-656C29D9967C}.Debug|x86.ActiveCfg = Debug|Win32
		{5B43A20D-12BA-4D64-8687-656C29D9967C}.Debug|x86.Build.0 = Debug|Win32
		{5B43A20D-12BA-4D64-8687-656C29D9967C}.Release|x64.ActiveCfg = Release|x64
		{5B43A20D-12BA-4D64-8687-656C29D9967C}.Release|x64.Build.0 = Release|x64
		{5B43A20D-12BA-4D64-8687-656C29D9967C}.Release|x86.ActiveCfg = Release|Win32
		{5B43A20D-12BA-4D64-8687-656C29D9967C}.Release|x86.Build.0 = Release|Win32
		{1A966C4E-6722-4512-9104-C483AAE7263A}.Debug|x64.ActiveCfg = Debug|x64
		{1A966C4E-6722-4512-9104-C483AAE7263A}.Debug|x64.Build.0 = Debug|x64
		{1A966C4E-6722-4512-9104-C483AAE7263A}.Debug|x86.ActiveCfg = Debug|Win32
		{1A966C4E-6722-4512-9104-C483AAE7263A}.Debug|x86.Build.0 = Debug|Win32
		{1A966C4E-6722-4512-9104-C483AAE7263A}.Release|x64.ActiveCfg = Release|x64
		{1A966C4E-6722-4512-9104-C483AAE7263A}.Release|x64.Build.0 = Release|x64
		{1A966C4E-6722-4512-9104-C483AAE7263A}.Release|x86.ActiveCfg = Release|Win32
		{1A966C4E-6722-4512-9104-C483AAE7263A}.Release|x86.Build.0 = Release|Win32
		{0959F08B-32BD-44FE-846C-F8A7B0EFF88A}.Debug|x64.ActiveCfg = Debug|x64
		{0959F08B-32BD-44FE-846C-F8A7B0EFF88A}.Debug|x64.Build.0 = Debug|x64
		{0959F08B-32BD-44FE-846C-F8A7B0EFF88A}.Debug|x86.ActiveCfg = Debug|Win32
		{0959F08B-32BD-44FE-846C-F8A7B0EFF88A}.Debug|x86.Build.0 = Debug|Win32
		{0959F08B-32BD-44FE-846C-F8A7B0EFF88A}.Release|x64.ActiveCfg = Release|x64
		{0959F08B-32BD-44FE-846C-F8A7B0EFF88A}.Release|x64.Build.0 = Release|x64
		{0959F08B-32BD-44FE-846C-F8A7B0EFF88A}.Release|x86.ActiveCfg = Release|Win32
		{0959F08B-32BD-44FE-846C-F8A7B0EFF88A}.Release|x86.Build.0 = Release|Win32
		{DCB2550B-0131-4C77-B1CB-A484CBD733E4}.Debug|x64.ActiveCfg = Debug|x64
		{DCB2550B-0131-4C77-B1CB-A484CBD733E4}.Debug|x64.Build.0 = Debug|x64
		{DCB2550B-0131-4C77-B1CB-A484CBD733E4}.Debug|x86.ActiveCfg = Debug|Win32
		{DCB2550B-0131-4C77-B1CB-A484CBD733E4}.Debug|x86.Build.0 = Debug|Win32
		{DCB2550B-0131-4C77-B1CB-A484CBD733E4}.Release|x64.ActiveCfg = Release|x64
		{DCB2550B-0131-4C77-B1CB-A484CBD733E4}.Release|x64.Build.0 = Release|x64
		{DCB2550B-0131-4C77-B1CB-A484CBD733E4}.Release|x86.ActiveCfg = Release|Win32
		{DCB2550B-0131-4C77-B1CB-A484CBD733E4}.Release|x86.Build.0 = Release|Win32
		{1612C548-71EA-4187-A3AB-69BBFB91C048}.Debug|x64.ActiveCfg = Debug|x64
		{1612C548-71EA-4187-A3AB-69BBFB91C048}.Debug|x64.Build.0 = Debug|x64
		{1612C548-71EA-4187-A3AB-69BBFB91C048}.Debug|x86.ActiveCfg = Debug|Win32
		{1612C548-71EA-4187-A3AB-69BBFB91C048}.Debug|x86.Build.0 = Debug|Win32
		{1612C548-71EA-4187-A3AB-69BBFB91C048}.Release|x64.ActiveCfg = Release|x64
		{1612C548-71EA-4187-A3AB-69BBFB91C048}.Release|x64.Build.0 = Release|x64
		{1612C548-71EA-4187-A3AB-69BBFB91C048}.Release|x86.ActiveCfg = Release|Win32
		{1612C548-71EA-4187-A3AB-69BBFB91C048}.Release|x86.Build.0 = Release|Win32
		{4BB94AE0-2056-46D7-954B-BB1590435746}.Debug|x64.ActiveCfg = Debug|x64
		{4BB94AE0-2056-46D7-954B-BB1590435746}.Debug|x64.Build.0 = Debug|x64
		{4BB94AE0-2056-46D7-954B-BB1590435746}.Debug|x86.ActiveCfg = Debug|Win32
		{4BB94AE0-2056-46D7-954B-BB1590435746}.Debug|x86.Build.0 = Debug|Win32
		{4BB94AE0-2056-46D7-954B-BB1590435746}.Release|x64.ActiveCfg = Release|x64
		{4BB94AE0-2056-46D7-954B-BB1590435746}.Release|x64.Build.0 = Release|x64
		{4BB94AE0-2056-46D7-954B-BB1590435746}.Release|x86.ActiveCfg = Release|Win32
		{4BB94AE0-2056-46D7-954B-BB1590435746}.Release|x86.Build.0 = Release|Win32
		{97721673-C250-44FC-8017-358B300731D3}.Debug|x64.ActiveCfg = Debug|x64
		{97721673-C250-44FC-8017-358B300731D3}.Debug|x64.Build.0 = Debug|x64
		{97721673-C250-44FC-8017-358B300731D3}.Debug|x86.ActiveCfg = Debug|Win32
		{97721673-C250-44FC-8017-358B300731D3}.Debug|x86.Build.0 = Debug|Win32
		{97721673-C250-44FC-8017-358B300731D3}.Release|x64.ActiveCfg = Release|x64
		{97721673-C250-44FC-8017-358B300731D3}.Release|x64.Build.0 = Release|x64
		{97721673-C250-44FC-8017-358B300731D3}.Release|x86.ActiveCfg = Release|Win32
		{97721673-C250-44FC-8017-358B300731D3}.Release|x86.Build.0 = Release|Win32
		{565CF1EC-3B05-4B35-8857-0FF13910A43C}.Debug|x64.ActiveCfg = Debug|x64
		{565CF1EC-3B05-4B35-8857-0FF13910A43C}.Debug|x64.Build.0 = Debug|x64
		{565CF1EC-3B05-4B35-8857-0FF13910A43C}.Debug|x86.ActiveCfg = Debug|Win32
		{565CF1EC-3B05-4B35-8857-0FF13910A43C}.Debug|x86.Build.0 = Debug|Win32
		{565CF1EC-3B05-4B35-8857-0FF13910A43C}.Release|x64.ActiveCfg = Release|x64
		{565CF1EC-3B05-4B35-8857-0FF13910A43C}.Release|x64.Build.0 = Release|x64
		{565CF1EC-3B05-4B35-8857-0FF13910A43C}.Release|x86.ActiveCfg = Release|Win32
		{565CF1EC-3B05-4B35-8857-0FF13910A43C}.Release|x86.Build.0 = Release|Win32
		{D6F5D65D-5D6F-4C4F-B780-871CD85145E3}.Debug|x64.ActiveCfg = Debug|x64
		{D6F5D65D-5D6F-4C4F-B780-871CD85145E3}.Debug|x64.Build.0 = Debug|x64
		{D6F5D65D-5D6F-4C4F-B780-871CD85145E3}.Debug|x86.ActiveCfg = Debug|Win32
		{D6F5D65D-5D6F-4C4F-B780-871CD85145E3}.Debug|x86.Build.0 = Debug|Win32
		{D6F5D65D-5D6F-4C4F-B780-871CD85145E3}.Release|x64.ActiveCfg = Release|x64
		{D6F5D65D-5D6F-4C4F-B780-871CD85145E3}.Release|x64.Build.0 = Release|x64
		{D6F5D65D-5D6F-4C4F-B780-871CD85145E3}.Release|x86.ActiveCfg = Release|Win32
		{D6F5D65D-5D6F-4C4F-B780-871CD85145E3}.Release|x86.Build.0 = Release|Win32
		{B4896C10-14A2-42DC-9D14-CFB56A84E9E9}.Debug|x64.ActiveCfg = Debug|x64
		{B4896C10-14A2-42DC-9D14-CFB56A84E9E9}.Debug|x64.Build.0 = Debug|x64
		{B4896C10-14A2-42DC-9D14-CFB56A84E9E9}.Debug|x86.ActiveCfg = Debug|Win32
		{B4896C10-14A2-42DC-9D14-CFB56A84E9E9}.Debug|x86.Build.0 = Debug|Win32
		{B4896C10-14A2-42DC-9D14-CFB56A84E9E9}.Release|x64.ActiveCfg = Release|x64
		{B4896C10-14A2-42DC-9D14-CFB56A84E9E9}.Release|x64.Build.0 = Release|x64
		{B4896C10-14A2-42DC-9D14-CFB56A84E9E9}.Release|x86.ActiveCfg = Release|Win32
		{B4896C10-14A2-42DC-9D14-CFB56A84E9E9}.Release|x86.Build.0 = Release|Win32
		{647215E7-DA18-455B-A00A-669279EC0AD5}.Debug|x64.ActiveCfg = Debug|x64
		{647215E7-DA18-455B-A00A-669279EC0AD5}.Debug|x64.Build.0 = Debug|x64
		{647215E7-DA18-455B-A00A-669279EC0AD5}.Debug|x86.ActiveCfg = Debug|Win32
		{647215E7-DA18-455B-A00A-669279EC0AD5}.Debug|x86.Build.0 = Debug|Win32
		{647215E7-DA18-455B-A00A-669279EC0AD5}.Release|x64.ActiveCfg = Release|x64
		{647215E7-DA18-455B-A00A-669279EC0AD5}.Release|x64.Build.0 = Release|x64
		{647215E7-DA18-455B-A00A-669279EC0AD5}.Release|x86.ActiveCfg = Release|Win32
		{647215E7-DA18-455B-A00A-669279EC0AD5}.Release|x86.Build.0 = Release|Win32
		{678A0750-3E9C-4849-85AB-D84D9569D6B0}.Debug|x64.ActiveCfg = Debug|x64
		{678A0750-3E9C-4849-85AB-D84D9569D6B0}.Debug|x64.Build.0 = Debug|x64
		{678A0750-3E9C-4849-85AB-D84D9569D6B0}.Debug|x86.ActiveCfg = Debug|Win32
		{678A0750-3E9C-4849-85AB-D84D9569D6B0}.Debug|x86.Build.0 = Debug|Win32
		{678A0750-3E9C-4849-85AB-D84D9569D6B0}.Release|x64.ActiveCfg = Release|x64
		{678A0750-3E9C-4849-85AB-D84D9569D6B0}.Release|x64.Build.0 = Release|x64
		{678A0750-3E9C-4849-85AB-D84D9569D6B0}.Release|x86.ActiveCfg = Release|Win32
		{678A0750-3E9C-4849-85AB-D84D9569D6B0}.Release|x86.Build.0 = Release|Win32
		{A0034402-6F10-4760-B044-BEA6A93575E3}.Debug|x64.ActiveCfg = Debug|x64
		{A0034402-6F10-4760-B044-BEA6A93575E3}.Debug|x64.Build.0 = Debug|x64
		{A0034402-6F10-4760-B044-BEA6A93575E3}.Debug|x86.ActiveCfg = Debug|Win32
		{A0034402-6F10-4760-B044-BEA6A93575E3}.Debug|x86.Build.0 = Debug|Win32
		{A0034402-6F10-4760-B044-BEA6A93575E3}.Release|x64.ActiveCfg = Release|x64
		{A0034402-6F10-4760-B044-BEA6A93575E3}.Release|x64.Build.0 = Release|x64
		{A0034402-6F10-4760-B044-BEA6A93575E3}.Release|x86.ActiveCfg = Release|Win32
		{A0034402-6F10-4760-B044-BEA6A93575E3}.Release|x86.Build.0 = Release|Win32
		{93BECF48-2ABB-4995-B38F-93F917AA5C09}.Debug|x64.ActiveCfg = Debug|x64
		{93BECF48-2ABB-4995-B38F-93F917AA5C09}.Debug|x64.Build.0 = Debug|x64
		{93BECF48-2ABB-4995-B38F-93F917AA5C09}.Debug|x86.ActiveCfg = Debug|Win32
		{93BECF48-2ABB-4995-B38F-93F917AA5C09}.Debug|x86.Build.0 = Debug|Win32
		{93BECF48-2ABB-4995-B38F-93F917AA5C09}.Release|x64.ActiveCfg = Release|x64
		{93BECF48-2ABB-4995-B38F-93F917AA5C09}.Release|x64.Build.0 = Release|x64
		{93BECF48-2ABB-4995-B38F-93F917AA5C09}.Release|x86.ActiveCfg = Release|Win32
		{93BECF48-2ABB-4995-B38F-93F917AA5C09}.Release|x86.Build.0 = Release|Win32
		{FA646AEA-A46F-454F-8B46-3C607114E03F}.Debug|x64.ActiveCfg = Debug|x64
		{FA646AEA-A46F-454F-8B46-3C607114E03F}.Debug|x64.Build.0 = Debug|x64
		{FA646AEA-A46F-454F-8B46-3C607114E03F}.Debug|x86.ActiveCfg = Debug|Win32
		{FA646AEA-A46F-454F-8B46-3C607114E03F}.Debug|x86.Build.0 = Debug|Win32
		{FA646AEA-A46F-454F-8B46-3C607114E03F}.Release|x64.ActiveCfg = Release|x64
		{FA646AEA-A46F-454F-8B46-3C607114E03F}.Release|x64.Build.0 = Release|x64
		{FA646AEA-A46F-454F-8B46-3C607114E03F}.Release|x86.ActiveCfg = Release|Win32
		{FA646AEA-A46F-454F-8B46-3C607114E03F}.Release|x86.Build.0 = Release|Win32
		{20E249E7-9A2F-4D61-B33B-19FF0C4F02AF}.Debug|x64.ActiveCfg = Debug|x64
		{20E249E7-9A2F-4D61-B33B-19FF0C4F02AF}.Debug|x64.Build.0 = Debug|x64
		{20E249E7-9A2F-4D61-B33B-19FF0C4F02AF}.Debug|x86.ActiveCfg = Debug|Win32
		{20E249E7-9A2F-4D61-B33B-19FF0C4F02AF}.Debug|x86.Build.0 = Debug|Win32
		{20E249E7-9A2F-4D61-B33B-19FF0C4F02AF}.Release|x64.ActiveCfg = Release|x64
		{20E249E7-9A2F-4D61-B33B-19FF0C4F02AF}.Release|x64.Build.0 = Release|x64
		{20E249E7-9A2F-4D61-B33B-19FF0C4F02AF}.Release|x86.ActiveCfg = Release|Win32
		{20E249E7-9A2F-4D61-B33B-19FF0C4F02AF}.Release|x86.Build.0 = Release|Win32
		{7124A999-A9BE-492E-9444-B77703DDE8B2}.Debug|x64.ActiveCfg = Debug|x64
		{7124A999-A9BE-492E-9444-B77703DDE8B2}.Debug|x64.Build.0 = Debug|x64
		{7124A999-A9BE-492E-9444-B77703DDE8B2}.Debug|x86.ActiveCfg = Debug|Win32
		{7124A999-A9BE-492E-9444-B77703DDE8B2}.Debug|x86.Build.0 = Debug|Win32
		{7124A999-A9BE-492E-9444-B77703DDE8B2}.Release|x64.ActiveCfg = Release|x64
		{7124A999-A9BE-492E-9444-B77703DDE8B2}.Release|x64.Build.0 = Release|x64
		{7124A999-A9BE-492E-9444-B77703DDE8B2}.Release|x86.ActiveCfg = Release|Win32
		{7124A999-A9BE-492E-9444-B77703DDE8B2}.Release|x86.Build.0 = Release|Win32
		{C04794A2-92FD-402A-8691-CCDFB2C01151}.Debug|x64.ActiveCfg = Debug|x64
		{C04794A2-92FD-402A-8691-CCDFB2C01151}.Debug|x64.Build.0 = Debug|x64
		{C04794A2-92FD-402A-8691-CCDFB2C01151}.Debug|x86.ActiveCfg = Debug|Win32
		{C04794A2-92FD-402A-8691-CCDFB2C01151}.Debug|x86.Build.0 = Debug|Win32
		{C04794A2-92FD-402A-8691-CCDFB2C01151}.Release|x64.ActiveCfg = Release|x64
		{C04794A2-92FD-402A-8691-CCDFB2C01151}.Release|x64.Build.0 = Release|x64
		{C04794A2-92FD-402A-8691-CCDFB2C01151}.Release|x86.ActiveCfg = Release|Win32
		{C04794A2-92FD-402A-8691-CCDFB2C01151}.Release|x86.Build.0 = Release|Win32
	EndGlobalSection
	GlobalSection(SolutionProperties) = preSolution
		HideSolutionNode = FALSE
	EndGlobalSection
	GlobalSection(ExtensibilityGlobals) = postSolution
		SolutionGuid = {8B64604A-3641-484D-B8E8-2F899BB9A29C}
	EndGlobalSection
EndGlobal
